
Microsoft Visual Studio Solution File, Format Version 12.00
# Visual Studio 15
VisualStudioVersion = 15.0.28307.489
MinimumVisualStudioVersion = 10.0.40219.1
Project("{FAE04EC0-301F-11D3-BF4B-00C04F79EFBC}") = "clowncar", "clowncar\clowncar.csproj", "{ADF19FD8-7694-4CF8-B02E-60075C25201A}"
EndProject
Global
	GlobalSection(SolutionConfigurationPlatforms) = preSolution
		Debug|Any CPU = Debug|Any CPU
		Release|Any CPU = Release|Any CPU
	EndGlobalSection
	GlobalSection(ProjectConfigurationPlatforms) = postSolution
		{ADF19FD8-7694-4CF8-B02E-60075C25201A}.Debug|Any CPU.ActiveCfg = Debug|Any CPU
		{ADF19FD8-7694-4CF8-B02E-60075C25201A}.Debug|Any CPU.Build.0 = Debug|Any CPU
		{ADF19FD8-7694-4CF8-B02E-60075C25201A}.Release|Any CPU.ActiveCfg = Release|Any CPU
		{ADF19FD8-7694-4CF8-B02E-60075C25201A}.Release|Any CPU.Build.0 = Release|Any CPU
	EndGlobalSection
	GlobalSection(SolutionProperties) = preSolution
		HideSolutionNode = FALSE
	EndGlobalSection
	GlobalSection(ExtensibilityGlobals) = postSolution
		SolutionGuid = {53F88D40-0A5F-4273-B580-4978E649BD2F}
	EndGlobalSection
EndGlobal
